{
  "version": 4,
  "terraform_version": "1.5.3",
  "serial": 17,
  "lineage": "7323e03b-cc43-bd8c-c396-9cbf9b0c300a",
  "outputs": {},
  "resources": [
    {
      "mode": "managed",
      "type": "google_container_cluster",
      "name": "_",
      "provider": "provider[\"registry.terraform.io/hashicorp/google\"]",
      "instances": [
        {
          "schema_version": 1,
          "attributes": {
            "addons_config": [
              {
                "cloudrun_config": [],
                "config_connector_config": [],
                "dns_cache_config": [],
                "gce_persistent_disk_csi_driver_config": [
                  {
                    "enabled": true
                  }
                ],
                "gcp_filestore_csi_driver_config": [],
                "gcs_fuse_csi_driver_config": [],
                "gke_backup_agent_config": [],
                "horizontal_pod_autoscaling": [],
                "http_load_balancing": [],
                "network_policy_config": [
                  {
                    "disabled": true
                  }
                ]
              }
            ],
            "allow_net_admin": null,
            "authenticator_groups_config": [],
            "binary_authorization": [
              {
                "enabled": false,
                "evaluation_mode": ""
              }
            ],
            "cluster_autoscaling": [
              {
                "auto_provisioning_defaults": [],
                "enabled": false,
                "resource_limits": []
              }
            ],
            "cluster_ipv4_cidr": "10.36.0.0/14",
            "confidential_nodes": [],
            "cost_management_config": [],
            "database_encryption": [
              {
                "key_name": "",
                "state": "DECRYPTED"
              }
            ],
            "datapath_provider": "",
            "default_max_pods_per_node": null,
            "default_snat_status": [
              {
                "disabled": false
              }
            ],
            "description": "",
            "dns_config": [],
            "enable_autopilot": false,
            "enable_binary_authorization": false,
            "enable_intranode_visibility": false,
            "enable_k8s_beta_apis": [],
            "enable_kubernetes_alpha": false,
            "enable_l4_ilb_subsetting": false,
            "enable_legacy_abac": false,
            "enable_shielded_nodes": true,
            "enable_tpu": false,
            "endpoint": "34.163.37.56",
            "gateway_api_config": [],
            "id": "projects/spaceable-cluster-sandbox/locations/europe-west9/clusters/space-cluster",
            "initial_node_count": 1,
            "ip_allocation_policy": [],
            "label_fingerprint": "a9dc16a7",
            "location": "europe-west9",
            "logging_config": [
              {
                "enable_components": [
                  "SYSTEM_COMPONENTS",
                  "WORKLOADS"
                ]
              }
            ],
            "logging_service": "logging.googleapis.com/kubernetes",
            "maintenance_policy": [],
            "master_auth": [
              {
                "client_certificate": "",
                "client_certificate_config": [
                  {
                    "issue_client_certificate": false
                  }
                ],
                "client_key": "",
                "cluster_ca_certificate": "LS0tLS1CRUdJTiBDRVJUSUZJQ0FURS0tLS0tCk1JSUVMRENDQXBTZ0F3SUJBZ0lRRFpCU25wcDBGaTRNclJIVzAxZ0lLREFOQmdrcWhraUc5dzBCQVFzRkFEQXYKTVMwd0t3WURWUVFERXlRM01XWXlObUU1TWkweU1EazBMVFJsTkRrdFlqRTFZeTA1WW1NMVpUVXlNemxtTmpZdwpJQmNOTWpNd09URTBNRGMxTWpJNVdoZ1BNakExTXpBNU1EWXdPRFV5TWpsYU1DOHhMVEFyQmdOVkJBTVRKRGN4ClpqSTJZVGt5TFRJd09UUXROR1UwT1MxaU1UVmpMVGxpWXpWbE5USXpPV1kyTmpDQ0FhSXdEUVlKS29aSWh2Y04KQVFFQkJRQURnZ0dQQURDQ0FZb0NnZ0dCQU5Sd0NEUmxFcStBTVpvaUpHd3A4NElSSXRUZE0zY1ZwWEJ4dENqYwowQ2dSYStKZXVGVFdPS2Q4WXd2WEljbXlZTXhpczRjV1hxdWtOOU93cDlwQy9scGVtaWRobkJtcEhxTTNnc1IrCjN0eENZS1lMd05wMmJ5dmxUTWU5MnVNb3pXdVhzOUVsOS9TcHZjMEkwaE0zTm9uWnZLbmZBVmRlNEFvSk1lRk8KYTV1UEVTY2FQWkp2dG9oUVdoUUhEWnZEMWxOcFU3Ulk3c0ZjN0NoUHdWRGo2ZEFkTDFGOFdOYnR4a1liMC84dgpkcEtHNjJodXBZY0hGajRJRWg2bWhLR0JyZEtTRCs5SXBzK0toV1k2T3B6ZDBDOU41TzJxTUYyaEMzMWQvakJ3ClNjei94TUZjU3Y5cnFGb1RucnRmengrQlJxcnRVTmNQckR0NHhrV3ZCQVZnMFJqbjRIMjF1WXVhOVRzUFBCQlMKdnFMTTEwcmZSZmhKZnU2eWtRdnByWXVqaXFSZFhMdEU1eFF5Q1kyNXNBcllvYUpseVJvekpWVEVCdDdvKy9NMgo1QldHMUI3VzBMQTFlM1BGWm9NTnhrMStDcitjd2ZoRzJLc0JxNjdkVXZNUEdVSldoODlBUkFzYkpGb2xpS1o3ClhqUDFjWDFvcUlLTGFYeE1vS3FrMVdaQ3l3SURBUUFCbzBJd1FEQU9CZ05WSFE4QkFmOEVCQU1DQWdRd0R3WUQKVlIwVEFRSC9CQVV3QXdFQi96QWRCZ05WSFE0RUZnUVVvSUtDWFlqUTN1aERQelA5N3pFc0pwQUFTWll3RFFZSgpLb1pJaHZjTkFRRUxCUUFEZ2dHQkFDQ3JVVFJOZGVQSURBSlAwem5mTkIzSFpCQlEwY1lZcjRUR1VPcCtPMWVsCnlPbHk5U2ZqMS82Tm1CWFdXYjczNWlmaUh3aHEreVh0OTJOZnc4UlRMRVJidlVkZlErYTdYOHg0YjZvN2d0ekgKSnZCSWhReHE4NnZTRUNyeU9UNXh6TlhTVVl5QTNVNUE2NnZTeCtEK2dOZTJURVRmc3IvbHFVSVpBRE13NkZZNQozNXVxRG9sRVRXaXFVdDJFRlUwZzBjZW5Od2FtYTZCRFJuc3k5WFJxSGdUS294dkZ1K0h6WnRmZjNOMVRpN01UCnVpOVJOYkRRN3Y3cWI4Uis2bkpHVnlxcmdQVnV3V0djQXc0VEZ0UkdVMDMwUkcrRUF5VS9yT0pKYzVySWpkRFkKQWtPdndMYzZJU2ViSXk4d0lpeEVYcjcwS3ZaRHpmNGtwSk1mREl6T3U0RHoxWTlkdU0vNkprYWZiTXdtS2R0NwpUZU9HdVZHWUVNUnVlS0FQUUpLNkhtZElZMVVydy9TRXg2UGxnbkF5ZGNMemg2RVJJbnZZeFMvQy9pS2pRQlR5Cjl4UXhYckMrSzhkdG5aNHlDdUNUdXplOU82QU1XbHAyNWEyejN6Ymo2RDlyQWZyUTloT0ZqQzZSYmkvaW9tZlIKOTNZZXpFeXVRRXkwdWZiTFAvNEI3dz09Ci0tLS0tRU5EIENFUlRJRklDQVRFLS0tLS0K"
              }
            ],
            "master_authorized_networks_config": [],
            "master_version": "1.27.3-gke.100",
            "mesh_certificates": [],
            "min_master_version": null,
            "monitoring_config": [
              {
                "advanced_datapath_observability_config": [
                  {
                    "enable_metrics": false,
                    "relay_mode": "DISABLED"
                  }
                ],
                "enable_components": [
                  "SYSTEM_COMPONENTS"
                ],
                "managed_prometheus": [
                  {
                    "enabled": true
                  }
                ]
              }
            ],
            "monitoring_service": "monitoring.googleapis.com/kubernetes",
            "name": "space-cluster",
            "network": "projects/spaceable-cluster-sandbox/global/networks/default",
            "network_policy": [
              {
                "enabled": false,
                "provider": "PROVIDER_UNSPECIFIED"
              }
            ],
            "networking_mode": "ROUTES",
            "node_config": [],
            "node_locations": [
              "europe-west9-a",
              "europe-west9-b",
              "europe-west9-c"
            ],
            "node_pool": [],
            "node_pool_defaults": [
              {
                "node_config_defaults": [
                  {
                    "logging_variant": "DEFAULT"
                  }
                ]
              }
            ],
            "node_version": "1.27.3-gke.100",
            "notification_config": [
              {
                "pubsub": [
                  {
                    "enabled": false,
                    "filter": [],
                    "topic": ""
                  }
                ]
              }
            ],
            "operation": null,
            "private_cluster_config": [
              {
                "enable_private_endpoint": false,
                "enable_private_nodes": false,
                "master_global_access_config": [
                  {
                    "enabled": false
                  }
                ],
                "master_ipv4_cidr_block": "",
                "peering_name": "",
                "private_endpoint": "10.200.0.21",
                "private_endpoint_subnetwork": "",
                "public_endpoint": "34.163.37.56"
              }
            ],
            "private_ipv6_google_access": "",
            "project": "spaceable-cluster-sandbox",
            "release_channel": [
              {
                "channel": "REGULAR"
              }
            ],
            "remove_default_node_pool": true,
            "resource_labels": null,
            "resource_usage_export_config": [],
            "security_posture_config": [
              {
                "mode": "BASIC",
                "vulnerability_mode": "VULNERABILITY_MODE_UNSPECIFIED"
              }
            ],
            "self_link": "https://container.googleapis.com/v1/projects/spaceable-cluster-sandbox/locations/europe-west9/clusters/space-cluster",
            "service_external_ips_config": [
              {
                "enabled": false
              }
            ],
            "services_ipv4_cidr": "10.39.240.0/20",
            "subnetwork": "projects/spaceable-cluster-sandbox/regions/europe-west9/subnetworks/default",
            "timeouts": null,
            "tpu_ipv4_cidr_block": "",
            "vertical_pod_autoscaling": [],
            "workload_identity_config": []
          },
          "sensitive_attributes": [],
          "private": "eyJlMmJmYjczMC1lY2FhLTExZTYtOGY4OC0zNDM2M2JjN2M0YzAiOnsiY3JlYXRlIjoyNDAwMDAwMDAwMDAwLCJkZWxldGUiOjI0MDAwMDAwMDAwMDAsInJlYWQiOjI0MDAwMDAwMDAwMDAsInVwZGF0ZSI6MzYwMDAwMDAwMDAwMH0sInNjaGVtYV92ZXJzaW9uIjoiMSJ9"
        }
      ]
    },
    {
      "mode": "managed",
      "type": "google_container_node_pool",
      "name": "node-pool",
      "provider": "provider[\"registry.terraform.io/hashicorp/google\"]",
      "instances": [
        {
          "schema_version": 1,
          "attributes": {
            "autoscaling": [
              {
                "location_policy": "BALANCED",
                "max_node_count": 2,
                "min_node_count": 0,
                "total_max_node_count": 0,
                "total_min_node_count": 0
              }
            ],
            "cluster": "projects/spaceable-cluster-sandbox/locations/europe-west9/clusters/space-cluster",
            "id": "projects/spaceable-cluster-sandbox/locations/europe-west9/clusters/space-cluster/nodePools/node-pool",
            "initial_node_count": 1,
            "instance_group_urls": [
              "https://www.googleapis.com/compute/v1/projects/spaceable-cluster-sandbox/zones/europe-west9-a/instanceGroupManagers/gke-space-cluster-node-pool-f6e3b4ee-grp",
              "https://www.googleapis.com/compute/v1/projects/spaceable-cluster-sandbox/zones/europe-west9-c/instanceGroupManagers/gke-space-cluster-node-pool-cf2ef864-grp",
              "https://www.googleapis.com/compute/v1/projects/spaceable-cluster-sandbox/zones/europe-west9-b/instanceGroupManagers/gke-space-cluster-node-pool-60c1c3c2-grp"
            ],
            "location": "europe-west9",
            "managed_instance_group_urls": [
              "https://www.googleapis.com/compute/v1/projects/spaceable-cluster-sandbox/zones/europe-west9-a/instanceGroups/gke-space-cluster-node-pool-f6e3b4ee-grp",
              "https://www.googleapis.com/compute/v1/projects/spaceable-cluster-sandbox/zones/europe-west9-c/instanceGroups/gke-space-cluster-node-pool-cf2ef864-grp",
              "https://www.googleapis.com/compute/v1/projects/spaceable-cluster-sandbox/zones/europe-west9-b/instanceGroups/gke-space-cluster-node-pool-60c1c3c2-grp"
            ],
            "management": [
              {
                "auto_repair": true,
                "auto_upgrade": true
              }
            ],
            "max_pods_per_node": null,
            "name": "node-pool",
            "name_prefix": "",
            "network_config": [
              {
                "create_pod_range": false,
                "enable_private_nodes": false,
                "pod_cidr_overprovision_config": [],
                "pod_ipv4_cidr_block": "",
                "pod_range": ""
              }
            ],
            "node_config": [
              {
                "advanced_machine_features": [],
                "boot_disk_kms_key": "",
                "confidential_nodes": [],
                "disk_size_gb": 100,
                "disk_type": "pd-balanced",
                "ephemeral_storage_local_ssd_config": [],
                "gcfs_config": [],
                "guest_accelerator": [],
                "gvnic": [],
                "host_maintenance_policy": [],
                "image_type": "COS_CONTAINERD",
                "kubelet_config": [],
                "labels": {},
                "linux_node_config": [],
                "local_nvme_ssd_block_config": [],
                "local_ssd_count": 0,
                "logging_variant": "DEFAULT",
                "machine_type": "e2-standard-4",
                "metadata": {
                  "disable-legacy-endpoints": "true"
                },
                "min_cpu_platform": "",
                "node_group": "",
                "oauth_scopes": [
                  "https://www.googleapis.com/auth/devstorage.read_only",
                  "https://www.googleapis.com/auth/logging.write",
                  "https://www.googleapis.com/auth/monitoring",
                  "https://www.googleapis.com/auth/service.management.readonly",
                  "https://www.googleapis.com/auth/servicecontrol",
                  "https://www.googleapis.com/auth/trace.append"
                ],
                "preemptible": false,
                "reservation_affinity": [],
                "resource_labels": null,
                "service_account": "default",
                "shielded_instance_config": [
                  {
                    "enable_integrity_monitoring": true,
                    "enable_secure_boot": false
                  }
                ],
                "sole_tenant_config": [],
                "spot": false,
                "tags": null,
                "taint": [],
                "workload_metadata_config": []
              }
            ],
            "node_count": 1,
            "node_locations": [
              "europe-west9-a",
              "europe-west9-b",
              "europe-west9-c"
            ],
            "operation": null,
            "placement_policy": [],
            "project": "spaceable-cluster-sandbox",
            "timeouts": null,
            "upgrade_settings": [
              {
                "blue_green_settings": [],
                "max_surge": 1,
                "max_unavailable": 0,
                "strategy": "SURGE"
              }
            ],
            "version": "1.27.3-gke.100"
          },
          "sensitive_attributes": [],
          "private": "eyJlMmJmYjczMC1lY2FhLTExZTYtOGY4OC0zNDM2M2JjN2M0YzAiOnsiY3JlYXRlIjoxODAwMDAwMDAwMDAwLCJkZWxldGUiOjE4MDAwMDAwMDAwMDAsInVwZGF0ZSI6MTgwMDAwMDAwMDAwMH0sInNjaGVtYV92ZXJzaW9uIjoiMSJ9",
          "dependencies": [
            "google_container_cluster._"
          ]
        }
      ]
    }
  ],
  "check_results": null
}
